// !$*UTF8*$!
{
	archiveVersion = 1;
	classes = {
	};
	objectVersion = 46;
	objects = {

/* Begin PBXFileReference section */
		1833A1431AF1A4CA002169AC /* DiscreteStatistics.py */ = {isa = PBXFileReference; lastKnownFileType = text.script.python; name = DiscreteStatistics.py; path = modules/DiscreteStatistics.py; sourceTree = "<group>"; };
		183930FD1B4616DF0092D858 /* DAE.py */ = {isa = PBXFileReference; lastKnownFileType = text.script.python; name = DAE.py; path = modules/DAE.py; sourceTree = "<group>"; };
		183930FE1B461E180092D858 /* logistic_sgd.py */ = {isa = PBXFileReference; lastKnownFileType = text.script.python; name = logistic_sgd.py; path = modules/logistic_sgd.py; sourceTree = "<group>"; };
		183930FF1B461ED20092D858 /* linear_sgd.py */ = {isa = PBXFileReference; lastKnownFileType = text.script.python; name = linear_sgd.py; path = modules/linear_sgd.py; sourceTree = "<group>"; };
		1847F5BD1AF344FD000E6449 /* __init__.py */ = {isa = PBXFileReference; fileEncoding = 4; lastKnownFileType = text.script.python; path = __init__.py; sourceTree = "<group>"; };
		1847F5BE1AF344FD000E6449 /* LuscherZlm.cpp */ = {isa = PBXFileReference; fileEncoding = 4; lastKnownFileType = sourcecode.cpp.cpp; path = LuscherZlm.cpp; sourceTree = "<group>"; };
		1847F5BF1AF344FD000E6449 /* LuscherZlm.hpp */ = {isa = PBXFileReference; fileEncoding = 4; lastKnownFileType = sourcecode.cpp.h; path = LuscherZlm.hpp; sourceTree = "<group>"; };
		1847F5C01AF344FD000E6449 /* Makefile */ = {isa = PBXFileReference; fileEncoding = 4; lastKnownFileType = sourcecode.make; path = Makefile; sourceTree = "<group>"; };
		18B8D67D1AF1E6A40093F31A /* arXivHarvest.py */ = {isa = PBXFileReference; lastKnownFileType = text.script.python; name = arXivHarvest.py; path = modules/arXivHarvest.py; sourceTree = "<group>"; };
		18D61D461B4C8FFF0037BCAA /* Bootstrap.py */ = {isa = PBXFileReference; lastKnownFileType = text.script.python; name = Bootstrap.py; path = modules/Bootstrap.py; sourceTree = "<group>"; };
		18E0EF041AEFFF5F009D6895 /* Python.framework */ = {isa = PBXFileReference; lastKnownFileType = wrapper.framework; name = Python.framework; path = System/Library/Frameworks/Python.framework; sourceTree = SDKROOT; };
		18E0EF061AF002A2009D6895 /* libmathutils_debug.dylib */ = {isa = PBXFileReference; lastKnownFileType = "compiled.mach-o.dylib"; name = libmathutils_debug.dylib; path = "../../../../../../../Library/Developer/Xcode/DerivedData/lattice_tools-hgljdafmrdijjjaniskilrocmdck/Build/Products/Release/libmathutils_debug.dylib"; sourceTree = "<group>"; };
		18E0EF071AF002A2009D6895 /* libpertutils_debug.dylib */ = {isa = PBXFileReference; lastKnownFileType = "compiled.mach-o.dylib"; name = libpertutils_debug.dylib; path = "../../../../../../../Library/Developer/Xcode/DerivedData/lattice_tools-hgljdafmrdijjjaniskilrocmdck/Build/Products/Release/libpertutils_debug.dylib"; sourceTree = "<group>"; };
		18E0EF0B1AF003D2009D6895 /* libanasuite_debug.dylib */ = {isa = PBXFileReference; lastKnownFileType = "compiled.mach-o.dylib"; name = libanasuite_debug.dylib; path = "../../../../../../../Library/Developer/Xcode/DerivedData/lattice_tools-hgljdafmrdijjjaniskilrocmdck/Build/Products/Release/libanasuite_debug.dylib"; sourceTree = "<group>"; };
/* End PBXFileReference section */

/* Begin PBXGroup section */
		1833A13F1AF18B9D002169AC /* Python */ = {
			isa = PBXGroup;
			children = (
				1833A1411AF18BD2002169AC /* Statistics */,
				1833A1401AF18BAC002169AC /* LatdataAnalyze */,
			);
			name = Python;
			sourceTree = "<group>";
		};
		1833A1401AF18BAC002169AC /* LatdataAnalyze */ = {
			isa = PBXGroup;
			children = (
				1847F5C01AF344FD000E6449 /* Makefile */,
				1847F5BD1AF344FD000E6449 /* __init__.py */,
				1847F5BF1AF344FD000E6449 /* LuscherZlm.hpp */,
				1847F5BE1AF344FD000E6449 /* LuscherZlm.cpp */,
			);
			name = LatdataAnalyze;
			sourceTree = "<group>";
		};
		1833A1411AF18BD2002169AC /* Statistics */ = {
			isa = PBXGroup;
			children = (
				1833A1431AF1A4CA002169AC /* DiscreteStatistics.py */,
				18B8D67D1AF1E6A40093F31A /* arXivHarvest.py */,
				183930FD1B4616DF0092D858 /* DAE.py */,
				183930FE1B461E180092D858 /* logistic_sgd.py */,
				183930FF1B461ED20092D858 /* linear_sgd.py */,
				18D61D461B4C8FFF0037BCAA /* Bootstrap.py */,
			);
			name = Statistics;
			path = ..;
			sourceTree = "<group>";
		};
		18E0EEED1AEFF640009D6895 = {
			isa = PBXGroup;
			children = (
				1833A13F1AF18B9D002169AC /* Python */,
				18E0EF0A1AF002AF009D6895 /* links */,
			);
			sourceTree = "<group>";
		};
		18E0EF0A1AF002AF009D6895 /* links */ = {
			isa = PBXGroup;
			children = (
				18E0EF0B1AF003D2009D6895 /* libanasuite_debug.dylib */,
				18E0EF061AF002A2009D6895 /* libmathutils_debug.dylib */,
				18E0EF071AF002A2009D6895 /* libpertutils_debug.dylib */,
				18E0EF041AEFFF5F009D6895 /* Python.framework */,
			);
			name = links;
			sourceTree = "<group>";
		};
/* End PBXGroup section */

/* Begin PBXLegacyTarget section */
		1847F5BA1AF343BC000E6449 /* PyModules */ = {
			isa = PBXLegacyTarget;
			buildArgumentsString = "$(ACTION)";
			buildConfigurationList = 1847F5BB1AF343BC000E6449 /* Build configuration list for PBXLegacyTarget "PyModules" */;
			buildPhases = (
			);
			buildToolPath = /usr/bin/make;
			dependencies = (
			);
			name = PyModules;
			passBuildSettingsInEnvironment = 1;
			productName = LatdataAnalyze;
		};
/* End PBXLegacyTarget section */

/* Begin PBXProject section */
		18E0EEEE1AEFF640009D6895 /* Project object */ = {
			isa = PBXProject;
			attributes = {
				LastUpgradeCheck = 0630;
				TargetAttributes = {
					1847F5BA1AF343BC000E6449 = {
						CreatedOnToolsVersion = 6.3.1;
					};
				};
			};
			buildConfigurationList = 18E0EEF11AEFF640009D6895 /* Build configuration list for PBXProject "modules" */;
			compatibilityVersion = "Xcode 3.2";
			developmentRegion = English;
			hasScannedForEncodings = 0;
			knownRegions = (
				en,
			);
			mainGroup = 18E0EEED1AEFF640009D6895;
			productRefGroup = 18E0EEED1AEFF640009D6895;
			projectDirPath = "";
			projectRoot = "";
			targets = (
				1847F5BA1AF343BC000E6449 /* PyModules */,
			);
		};
/* End PBXProject section */

/* Begin XCBuildConfiguration section */
		1847F5BC1AF343BC000E6449 /* Release */ = {
			isa = XCBuildConfiguration;
			buildSettings = {
				ALWAYS_SEARCH_USER_PATHS = NO;
				CLANG_CXX_LANGUAGE_STANDARD = "gnu++0x";
				CLANG_CXX_LIBRARY = "libc++";
				CLANG_ENABLE_MODULES = YES;
				CLANG_ENABLE_OBJC_ARC = YES;
				CLANG_WARN_BOOL_CONVERSION = YES;
				CLANG_WARN_CONSTANT_CONVERSION = YES;
				CLANG_WARN_DIRECT_OBJC_ISA_USAGE = YES_ERROR;
				CLANG_WARN_EMPTY_BODY = YES;
				CLANG_WARN_ENUM_CONVERSION = YES;
				CLANG_WARN_INT_CONVERSION = YES;
				CLANG_WARN_OBJC_ROOT_CLASS = YES_ERROR;
				CLANG_WARN_UNREACHABLE_CODE = YES;
				CLANG_WARN__DUPLICATE_METHOD_MATCH = YES;
				COPY_PHASE_STRIP = NO;
				DEBUG_INFORMATION_FORMAT = "dwarf-with-dsym";
				ENABLE_NS_ASSERTIONS = NO;
				ENABLE_STRICT_OBJC_MSGSEND = YES;
				FFTW_DIR = /opt/local;
				GCC_C_LANGUAGE_STANDARD = gnu99;
				GCC_NO_COMMON_BLOCKS = YES;
				GCC_WARN_64_TO_32_BIT_CONVERSION = YES;
				GCC_WARN_ABOUT_RETURN_TYPE = YES_ERROR;
				GCC_WARN_UNDECLARED_SELECTOR = YES;
				GCC_WARN_UNINITIALIZED_AUTOS = YES_AGGRESSIVE;
				GCC_WARN_UNUSED_FUNCTION = YES;
				GCC_WARN_UNUSED_VARIABLE = YES;
				MACOSX_DEPLOYMENT_TARGET = 10.10;
				MTL_ENABLE_DEBUG_INFO = NO;
				OTHER_CFLAGS = "";
				OTHER_LDFLAGS = "";
				PRODUCT_NAME = "$(TARGET_NAME)";
				PYTHON_DIR = /opt/local/Library/Frameworks/Python.framework/Versions/2.7;
				SDKROOT = macosx;
			};
			name = Release;
		};
		18E0EEF31AEFF640009D6895 /* Release */ = {
			isa = XCBuildConfiguration;
			buildSettings = {
			};
			name = Release;
		};
/* End XCBuildConfiguration section */

/* Begin XCConfigurationList section */
		1847F5BB1AF343BC000E6449 /* Build configuration list for PBXLegacyTarget "PyModules" */ = {
			isa = XCConfigurationList;
			buildConfigurations = (
				1847F5BC1AF343BC000E6449 /* Release */,
			);
			defaultConfigurationIsVisible = 0;
			defaultConfigurationName = Release;
		};
		18E0EEF11AEFF640009D6895 /* Build configuration list for PBXProject "modules" */ = {
			isa = XCConfigurationList;
			buildConfigurations = (
				18E0EEF31AEFF640009D6895 /* Release */,
			);
			defaultConfigurationIsVisible = 0;
			defaultConfigurationName = Release;
		};
/* End XCConfigurationList section */
	};
	rootObject = 18E0EEEE1AEFF640009D6895 /* Project object */;
}
